
Microsoft Visual Studio Solution File, Format Version 12.00
# Visual Studio Version 17
VisualStudioVersion = 17.9.34607.119
MinimumVisualStudioVersion = 10.0.40219.1
Project("{9A19103F-16F7-4668-BE54-9A1E7A4F7556}") = "Bff", "Bff\Bff.csproj", "{97263091-49D1-43CA-A981-2836A6FAE2B5}"
EndProject
Project("{9A19103F-16F7-4668-BE54-9A1E7A4F7556}") = "Api", "Api\Api.csproj", "{285CF331-7FDD-44BA-9134-C7CE2C536565}"
EndProject
Global
	GlobalSection(SolutionConfigurationPlatforms) = preSolution
		Debug|Any CPU = Debug|Any CPU
		Release|Any CPU = Release|Any CPU
	EndGlobalSection
	GlobalSection(ProjectConfigurationPlatforms) = postSolution
		{97263091-49D1-43CA-A981-2836A6FAE2B5}.Debug|Any CPU.ActiveCfg = Debug|Any CPU
		{97263091-49D1-43CA-A981-2836A6FAE2B5}.Debug|Any CPU.Build.0 = Debug|Any CPU
		{97263091-49D1-43CA-A981-2836A6FAE2B5}.Release|Any CPU.ActiveCfg = Release|Any CPU
		{97263091-49D1-43CA-A981-2836A6FAE2B5}.Release|Any CPU.Build.0 = Release|Any CPU
		{285CF331-7FDD-44BA-9134-C7CE2C536565}.Debug|Any CPU.ActiveCfg = Debug|Any CPU
		{285CF331-7FDD-44BA-9134-C7CE2C536565}.Debug|Any CPU.Build.0 = Debug|Any CPU
		{285CF331-7FDD-44BA-9134-C7CE2C536565}.Release|Any CPU.ActiveCfg = Release|Any CPU
		{285CF331-7FDD-44BA-9134-C7CE2C536565}.Release|Any CPU.Build.0 = Release|Any CPU
	EndGlobalSection
	GlobalSection(SolutionProperties) = preSolution
		HideSolutionNode = FALSE
	EndGlobalSection
	GlobalSection(ExtensibilityGlobals) = postSolution
		SolutionGuid = {FBFA4E99-5726-497C-9BC0-751E1D746688}
	EndGlobalSection
EndGlobal
